{
  "originHash" : "2e2677d68377821e7b91ce6f08801ef3be56a743819321af2b93d347b1a856e2",
  "pins" : [
    {
      "identity" : "plate",
      "kind" : "remoteSourceControl",
      "location" : "https://github.com/leviouwendijk/plate.git",
      "state" : {
        "branch" : "master",
        "revision" : "f5987dd862c26a48b2f94f70d1fb31af41fdc197"
      }
    }
  ],
  "version" : 3
}
