{
  "originHash" : "44af2ed5abae9fa0b4ac9a8ebecc4f8647809769059be52d584878d223cc575d",
  "pins" : [
    {
      "identity" : "extensions",
      "kind" : "remoteSourceControl",
      "location" : "https://github.com/leviouwendijk/Extensions.git",
      "state" : {
        "branch" : "master",
        "revision" : "e6c609b2baad2e2716eb19de50740a912294d883"
      }
    },
    {
      "identity" : "plate",
      "kind" : "remoteSourceControl",
      "location" : "https://github.com/leviouwendijk/plate.git",
      "state" : {
        "branch" : "master",
        "revision" : "932f7c6f7a3280ea722e935df6b199138c9e9844"
      }
    },
    {
      "identity" : "structures",
      "kind" : "remoteSourceControl",
      "location" : "https://github.com/leviouwendijk/Structures.git",
      "state" : {
        "branch" : "master",
        "revision" : "d070500e12fe160859fe73f1c79de142a3b816fd"
      }
    }
  ],
  "version" : 3
}
